// !$*UTF8*$!
{
	archiveVersion = 1;
	classes = {
	};
	objectVersion = 56;
	objects = {

/* Begin PBXBuildFile section */
		4C74109429D433ED0045069C /* AppDelegate.swift in Sources */ = {isa = PBXBuildFile; fileRef = 4C74109329D433ED0045069C /* AppDelegate.swift */; };
		4C74109629D433ED0045069C /* SceneDelegate.swift in Sources */ = {isa = PBXBuildFile; fileRef = 4C74109529D433ED0045069C /* SceneDelegate.swift */; };
		4C74109829D433ED0045069C /* OverviewController.swift in Sources */ = {isa = PBXBuildFile; fileRef = 4C74109729D433ED0045069C /* OverviewController.swift */; };
		4C74109D29D433F00045069C /* Assets.xcassets in Resources */ = {isa = PBXBuildFile; fileRef = 4C74109C29D433F00045069C /* Assets.xcassets */; };
		4C7410A029D433F00045069C /* LaunchScreen.storyboard in Resources */ = {isa = PBXBuildFile; fileRef = 4C74109E29D433F00045069C /* LaunchScreen.storyboard */; };
		4C7410AA29D43DDB0045069C /* TabBarController.swift in Sources */ = {isa = PBXBuildFile; fileRef = 4C7410A929D43DDB0045069C /* TabBarController.swift */; };
		4C7410AD29D43EDD0045069C /* UIColor + Extension.swift in Sources */ = {isa = PBXBuildFile; fileRef = 4C7410AC29D43EDD0045069C /* UIColor + Extension.swift */; };
		4C7410B029D440A20045069C /* Resources.swift in Sources */ = {isa = PBXBuildFile; fileRef = 4C7410AF29D440A20045069C /* Resources.swift */; };
		4C7410B729D471FA0045069C /* NavBarController.swift in Sources */ = {isa = PBXBuildFile; fileRef = 4C7410B629D471FA0045069C /* NavBarController.swift */; };
		4C7410B929D472900045069C /* BaseController.swift in Sources */ = {isa = PBXBuildFile; fileRef = 4C7410B829D472900045069C /* BaseController.swift */; };
		4C7410BB29D47B130045069C /* UIView + Extension.swift in Sources */ = {isa = PBXBuildFile; fileRef = 4C7410BA29D47B130045069C /* UIView + Extension.swift */; };
/* End PBXBuildFile section */

/* Begin PBXFileReference section */
		4C74109029D433ED0045069C /* WorkoutApp.app */ = {isa = PBXFileReference; explicitFileType = wrapper.application; includeInIndex = 0; path = WorkoutApp.app; sourceTree = BUILT_PRODUCTS_DIR; };
		4C74109329D433ED0045069C /* AppDelegate.swift */ = {isa = PBXFileReference; lastKnownFileType = sourcecode.swift; path = AppDelegate.swift; sourceTree = "<group>"; };
		4C74109529D433ED0045069C /* SceneDelegate.swift */ = {isa = PBXFileReference; lastKnownFileType = sourcecode.swift; path = SceneDelegate.swift; sourceTree = "<group>"; };
		4C74109729D433ED0045069C /* OverviewController.swift */ = {isa = PBXFileReference; lastKnownFileType = sourcecode.swift; path = OverviewController.swift; sourceTree = "<group>"; };
		4C74109C29D433F00045069C /* Assets.xcassets */ = {isa = PBXFileReference; lastKnownFileType = folder.assetcatalog; path = Assets.xcassets; sourceTree = "<group>"; };
		4C74109F29D433F00045069C /* Base */ = {isa = PBXFileReference; lastKnownFileType = file.storyboard; name = Base; path = Base.lproj/LaunchScreen.storyboard; sourceTree = "<group>"; };
		4C7410A129D433F00045069C /* Info.plist */ = {isa = PBXFileReference; lastKnownFileType = text.plist.xml; path = Info.plist; sourceTree = "<group>"; };
		4C7410A929D43DDB0045069C /* TabBarController.swift */ = {isa = PBXFileReference; lastKnownFileType = sourcecode.swift; path = TabBarController.swift; sourceTree = "<group>"; };
		4C7410AC29D43EDD0045069C /* UIColor + Extension.swift */ = {isa = PBXFileReference; lastKnownFileType = sourcecode.swift; path = "UIColor + Extension.swift"; sourceTree = "<group>"; };
		4C7410AF29D440A20045069C /* Resources.swift */ = {isa = PBXFileReference; lastKnownFileType = sourcecode.swift; path = Resources.swift; sourceTree = "<group>"; };
		4C7410B629D471FA0045069C /* NavBarController.swift */ = {isa = PBXFileReference; lastKnownFileType = sourcecode.swift; path = NavBarController.swift; sourceTree = "<group>"; };
		4C7410B829D472900045069C /* BaseController.swift */ = {isa = PBXFileReference; lastKnownFileType = sourcecode.swift; path = BaseController.swift; sourceTree = "<group>"; };
		4C7410BA29D47B130045069C /* UIView + Extension.swift */ = {isa = PBXFileReference; lastKnownFileType = sourcecode.swift; path = "UIView + Extension.swift"; sourceTree = "<group>"; };
/* End PBXFileReference section */

/* Begin PBXFrameworksBuildPhase section */
		4C74108D29D433ED0045069C /* Frameworks */ = {
			isa = PBXFrameworksBuildPhase;
			buildActionMask = 2147483647;
			files = (
			);
			runOnlyForDeploymentPostprocessing = 0;
		};
/* End PBXFrameworksBuildPhase section */

/* Begin PBXGroup section */
		4C74108729D433ED0045069C = {
			isa = PBXGroup;
			children = (
				4C74109229D433ED0045069C /* WorkoutApp */,
				4C74109129D433ED0045069C /* Products */,
			);
			sourceTree = "<group>";
		};
		4C74109129D433ED0045069C /* Products */ = {
			isa = PBXGroup;
			children = (
				4C74109029D433ED0045069C /* WorkoutApp.app */,
			);
			name = Products;
			sourceTree = "<group>";
		};
		4C74109229D433ED0045069C /* WorkoutApp */ = {
			isa = PBXGroup;
			children = (
				4C7410AB29D43EAF0045069C /* Helpers */,
				4C7410A729D435D30045069C /* Application */,
				4C74109729D433ED0045069C /* OverviewController.swift */,
				4C7410B329D470650045069C /* Controllers */,
				4C7410A829D436080045069C /* SupportingFiles */,
			);
			path = WorkoutApp;
			sourceTree = "<group>";
		};
		4C7410A729D435D30045069C /* Application */ = {
			isa = PBXGroup;
			children = (
				4C74109329D433ED0045069C /* AppDelegate.swift */,
				4C74109529D433ED0045069C /* SceneDelegate.swift */,
			);
			path = Application;
			sourceTree = "<group>";
		};
		4C7410A829D436080045069C /* SupportingFiles */ = {
			isa = PBXGroup;
			children = (
				4C74109C29D433F00045069C /* Assets.xcassets */,
				4C74109E29D433F00045069C /* LaunchScreen.storyboard */,
				4C7410A129D433F00045069C /* Info.plist */,
			);
			path = SupportingFiles;
			sourceTree = "<group>";
		};
		4C7410AB29D43EAF0045069C /* Helpers */ = {
			isa = PBXGroup;
			children = (
				4C7410AE29D43EF00045069C /* Extensions */,
				4C7410AF29D440A20045069C /* Resources.swift */,
			);
			path = Helpers;
			sourceTree = "<group>";
		};
		4C7410AE29D43EF00045069C /* Extensions */ = {
			isa = PBXGroup;
			children = (
				4C7410AC29D43EDD0045069C /* UIColor + Extension.swift */,
				4C7410BA29D47B130045069C /* UIView + Extension.swift */,
			);
			path = Extensions;
			sourceTree = "<group>";
		};
		4C7410B329D470650045069C /* Controllers */ = {
			isa = PBXGroup;
			children = (
				4C7410C029D47D580045069C /* Settings */,
				4C7410BF29D47D4B0045069C /* Progress */,
				4C7410BE29D47D410045069C /* Session */,
				4C7410BD29D47D330045069C /* Overview */,
				4C7410BC29D47CD10045069C /* Base */,
			);
			path = Controllers;
			sourceTree = "<group>";
		};
		4C7410BC29D47CD10045069C /* Base */ = {
			isa = PBXGroup;
			children = (
				4C7410A929D43DDB0045069C /* TabBarController.swift */,
				4C7410B629D471FA0045069C /* NavBarController.swift */,
				4C7410B829D472900045069C /* BaseController.swift */,
			);
			path = Base;
			sourceTree = "<group>";
		};
		4C7410BD29D47D330045069C /* Overview */ = {
			isa = PBXGroup;
			children = (
			);
			path = Overview;
			sourceTree = "<group>";
		};
		4C7410BE29D47D410045069C /* Session */ = {
			isa = PBXGroup;
			children = (
			);
			path = Session;
			sourceTree = "<group>";
		};
		4C7410BF29D47D4B0045069C /* Progress */ = {
			isa = PBXGroup;
			children = (
			);
			path = Progress;
			sourceTree = "<group>";
		};
		4C7410C029D47D580045069C /* Settings */ = {
			isa = PBXGroup;
			children = (
			);
			path = Settings;
			sourceTree = "<group>";
		};
/* End PBXGroup section */

/* Begin PBXNativeTarget section */
		4C74108F29D433ED0045069C /* WorkoutApp */ = {
			isa = PBXNativeTarget;
			buildConfigurationList = 4C7410A429D433F00045069C /* Build configuration list for PBXNativeTarget "WorkoutApp" */;
			buildPhases = (
				4C74108C29D433ED0045069C /* Sources */,
				4C74108D29D433ED0045069C /* Frameworks */,
				4C74108E29D433ED0045069C /* Resources */,
			);
			buildRules = (
			);
			dependencies = (
			);
			name = WorkoutApp;
			productName = WorkoutApp;
			productReference = 4C74109029D433ED0045069C /* WorkoutApp.app */;
			productType = "com.apple.product-type.application";
		};
/* End PBXNativeTarget section */

/* Begin PBXProject section */
		4C74108829D433ED0045069C /* Project object */ = {
			isa = PBXProject;
			attributes = {
				BuildIndependentTargetsInParallel = 1;
				LastSwiftUpdateCheck = 1420;
				LastUpgradeCheck = 1420;
				TargetAttributes = {
					4C74108F29D433ED0045069C = {
						CreatedOnToolsVersion = 14.2;
					};
				};
			};
			buildConfigurationList = 4C74108B29D433ED0045069C /* Build configuration list for PBXProject "WorkoutApp" */;
			compatibilityVersion = "Xcode 14.0";
			developmentRegion = en;
			hasScannedForEncodings = 0;
			knownRegions = (
				en,
				Base,
			);
			mainGroup = 4C74108729D433ED0045069C;
			productRefGroup = 4C74109129D433ED0045069C /* Products */;
			projectDirPath = "";
			projectRoot = "";
			targets = (
				4C74108F29D433ED0045069C /* WorkoutApp */,
			);
		};
/* End PBXProject section */

/* Begin PBXResourcesBuildPhase section */
		4C74108E29D433ED0045069C /* Resources */ = {
			isa = PBXResourcesBuildPhase;
			buildActionMask = 2147483647;
			files = (
				4C7410A029D433F00045069C /* LaunchScreen.storyboard in Resources */,
				4C74109D29D433F00045069C /* Assets.xcassets in Resources */,
			);
			runOnlyForDeploymentPostprocessing = 0;
		};
/* End PBXResourcesBuildPhase section */

/* Begin PBXSourcesBuildPhase section */
		4C74108C29D433ED0045069C /* Sources */ = {
			isa = PBXSourcesBuildPhase;
			buildActionMask = 2147483647;
			files = (
				4C74109829D433ED0045069C /* OverviewController.swift in Sources */,
				4C7410AA29D43DDB0045069C /* TabBarController.swift in Sources */,
				4C74109429D433ED0045069C /* AppDelegate.swift in Sources */,
				4C7410B729D471FA0045069C /* NavBarController.swift in Sources */,
				4C7410B029D440A20045069C /* Resources.swift in Sources */,
				4C74109629D433ED0045069C /* SceneDelegate.swift in Sources */,
				4C7410B929D472900045069C /* BaseController.swift in Sources */,
				4C7410AD29D43EDD0045069C /* UIColor + Extension.swift in Sources */,
				4C7410BB29D47B130045069C /* UIView + Extension.swift in Sources */,
			);
			runOnlyForDeploymentPostprocessing = 0;
		};
/* End PBXSourcesBuildPhase section */

/* Begin PBXVariantGroup section */
		4C74109E29D433F00045069C /* LaunchScreen.storyboard */ = {
			isa = PBXVariantGroup;
			children = (
				4C74109F29D433F00045069C /* Base */,
			);
			name = LaunchScreen.storyboard;
			sourceTree = "<group>";
		};
/* End PBXVariantGroup section */

/* Begin XCBuildConfiguration section */
		4C7410A229D433F00045069C /* Debug */ = {
			isa = XCBuildConfiguration;
			buildSettings = {
				ALWAYS_SEARCH_USER_PATHS = NO;
				CLANG_ANALYZER_NONNULL = YES;
				CLANG_ANALYZER_NUMBER_OBJECT_CONVERSION = YES_AGGRESSIVE;
				CLANG_CXX_LANGUAGE_STANDARD = "gnu++20";
				CLANG_ENABLE_MODULES = YES;
				CLANG_ENABLE_OBJC_ARC = YES;
				CLANG_ENABLE_OBJC_WEAK = YES;
				CLANG_WARN_BLOCK_CAPTURE_AUTORELEASING = YES;
				CLANG_WARN_BOOL_CONVERSION = YES;
				CLANG_WARN_COMMA = YES;
				CLANG_WARN_CONSTANT_CONVERSION = YES;
				CLANG_WARN_DEPRECATED_OBJC_IMPLEMENTATIONS = YES;
				CLANG_WARN_DIRECT_OBJC_ISA_USAGE = YES_ERROR;
				CLANG_WARN_DOCUMENTATION_COMMENTS = YES;
				CLANG_WARN_EMPTY_BODY = YES;
				CLANG_WARN_ENUM_CONVERSION = YES;
				CLANG_WARN_INFINITE_RECURSION = YES;
				CLANG_WARN_INT_CONVERSION = YES;
				CLANG_WARN_NON_LITERAL_NULL_CONVERSION = YES;
				CLANG_WARN_OBJC_IMPLICIT_RETAIN_SELF = YES;
				CLANG_WARN_OBJC_LITERAL_CONVERSION = YES;
				CLANG_WARN_OBJC_ROOT_CLASS = YES_ERROR;
				CLANG_WARN_QUOTED_INCLUDE_IN_FRAMEWORK_HEADER = YES;
				CLANG_WARN_RANGE_LOOP_ANALYSIS = YES;
				CLANG_WARN_STRICT_PROTOTYPES = YES;
				CLANG_WARN_SUSPICIOUS_MOVE = YES;
				CLANG_WARN_UNGUARDED_AVAILABILITY = YES_AGGRESSIVE;
				CLANG_WARN_UNREACHABLE_CODE = YES;
				CLANG_WARN__DUPLICATE_METHOD_MATCH = YES;
				COPY_PHASE_STRIP = NO;
				DEBUG_INFORMATION_FORMAT = dwarf;
				ENABLE_STRICT_OBJC_MSGSEND = YES;
				ENABLE_TESTABILITY = YES;
				GCC_C_LANGUAGE_STANDARD = gnu11;
				GCC_DYNAMIC_NO_PIC = NO;
				GCC_NO_COMMON_BLOCKS = YES;
				GCC_OPTIMIZATION_LEVEL = 0;
				GCC_PREPROCESSOR_DEFINITIONS = (
					"DEBUG=1",
					"$(inherited)",
				);
				GCC_WARN_64_TO_32_BIT_CONVERSION = YES;
				GCC_WARN_ABOUT_RETURN_TYPE = YES_ERROR;
				GCC_WARN_UNDECLARED_SELECTOR = YES;
				GCC_WARN_UNINITIALIZED_AUTOS = YES_AGGRESSIVE;
				GCC_WARN_UNUSED_FUNCTION = YES;
				GCC_WARN_UNUSED_VARIABLE = YES;
				IPHONEOS_DEPLOYMENT_TARGET = 16.2;
				MTL_ENABLE_DEBUG_INFO = INCLUDE_SOURCE;
				MTL_FAST_MATH = YES;
				ONLY_ACTIVE_ARCH = YES;
				SDKROOT = iphoneos;
				SWIFT_ACTIVE_COMPILATION_CONDITIONS = DEBUG;
				SWIFT_OPTIMIZATION_LEVEL = "-Onone";
			};
			name = Debug;
		};
		4C7410A329D433F00045069C /* Release */ = {
			isa = XCBuildConfiguration;
			buildSettings = {
				ALWAYS_SEARCH_USER_PATHS = NO;
				CLANG_ANALYZER_NONNULL = YES;
				CLANG_ANALYZER_NUMBER_OBJECT_CONVERSION = YES_AGGRESSIVE;
				CLANG_CXX_LANGUAGE_STANDARD = "gnu++20";
				CLANG_ENABLE_MODULES = YES;
				CLANG_ENABLE_OBJC_ARC = YES;
				CLANG_ENABLE_OBJC_WEAK = YES;
				CLANG_WARN_BLOCK_CAPTURE_AUTORELEASING = YES;
				CLANG_WARN_BOOL_CONVERSION = YES;
				CLANG_WARN_COMMA = YES;
				CLANG_WARN_CONSTANT_CONVERSION = YES;
				CLANG_WARN_DEPRECATED_OBJC_IMPLEMENTATIONS = YES;
				CLANG_WARN_DIRECT_OBJC_ISA_USAGE = YES_ERROR;
				CLANG_WARN_DOCUMENTATION_COMMENTS = YES;
				CLANG_WARN_EMPTY_BODY = YES;
				CLANG_WARN_ENUM_CONVERSION = YES;
				CLANG_WARN_INFINITE_RECURSION = YES;
				CLANG_WARN_INT_CONVERSION = YES;
				CLANG_WARN_NON_LITERAL_NULL_CONVERSION = YES;
				CLANG_WARN_OBJC_IMPLICIT_RETAIN_SELF = YES;
				CLANG_WARN_OBJC_LITERAL_CONVERSION = YES;
				CLANG_WARN_OBJC_ROOT_CLASS = YES_ERROR;
				CLANG_WARN_QUOTED_INCLUDE_IN_FRAMEWORK_HEADER = YES;
				CLANG_WARN_RANGE_LOOP_ANALYSIS = YES;
				CLANG_WARN_STRICT_PROTOTYPES = YES;
				CLANG_WARN_SUSPICIOUS_MOVE = YES;
				CLANG_WARN_UNGUARDED_AVAILABILITY = YES_AGGRESSIVE;
				CLANG_WARN_UNREACHABLE_CODE = YES;
				CLANG_WARN__DUPLICATE_METHOD_MATCH = YES;
				COPY_PHASE_STRIP = NO;
				DEBUG_INFORMATION_FORMAT = "dwarf-with-dsym";
				ENABLE_NS_ASSERTIONS = NO;
				ENABLE_STRICT_OBJC_MSGSEND = YES;
				GCC_C_LANGUAGE_STANDARD = gnu11;
				GCC_NO_COMMON_BLOCKS = YES;
				GCC_WARN_64_TO_32_BIT_CONVERSION = YES;
				GCC_WARN_ABOUT_RETURN_TYPE = YES_ERROR;
				GCC_WARN_UNDECLARED_SELECTOR = YES;
				GCC_WARN_UNINITIALIZED_AUTOS = YES_AGGRESSIVE;
				GCC_WARN_UNUSED_FUNCTION = YES;
				GCC_WARN_UNUSED_VARIABLE = YES;
				IPHONEOS_DEPLOYMENT_TARGET = 16.2;
				MTL_ENABLE_DEBUG_INFO = NO;
				MTL_FAST_MATH = YES;
				SDKROOT = iphoneos;
				SWIFT_COMPILATION_MODE = wholemodule;
				SWIFT_OPTIMIZATION_LEVEL = "-O";
				VALIDATE_PRODUCT = YES;
			};
			name = Release;
		};
		4C7410A529D433F00045069C /* Debug */ = {
			isa = XCBuildConfiguration;
			buildSettings = {
				ASSETCATALOG_COMPILER_APPICON_NAME = AppIcon;
				ASSETCATALOG_COMPILER_GLOBAL_ACCENT_COLOR_NAME = AccentColor;
				CODE_SIGN_STYLE = Automatic;
				CURRENT_PROJECT_VERSION = 1;
				DEVELOPMENT_TEAM = 6DCRFKN8GP;
				GENERATE_INFOPLIST_FILE = YES;
				INFOPLIST_FILE = WorkoutApp/SupportingFiles/Info.plist;
				INFOPLIST_KEY_UIApplicationSupportsIndirectInputEvents = YES;
				INFOPLIST_KEY_UILaunchStoryboardName = LaunchScreen;
				INFOPLIST_KEY_UISupportedInterfaceOrientations = UIInterfaceOrientationPortrait;
				INFOPLIST_KEY_UISupportedInterfaceOrientations_iPad = "UIInterfaceOrientationLandscapeLeft UIInterfaceOrientationLandscapeRight UIInterfaceOrientationPortrait UIInterfaceOrientationPortraitUpsideDown";
				LD_RUNPATH_SEARCH_PATHS = (
					"$(inherited)",
					"@executable_path/Frameworks",
				);
				MARKETING_VERSION = 1.0;
				PRODUCT_BUNDLE_IDENTIFIER = "GE-Developer.WorkoutApp";
				PRODUCT_NAME = "$(TARGET_NAME)";
				SUPPORTED_PLATFORMS = "iphoneos iphonesimulator";
				SUPPORTS_MACCATALYST = NO;
				SUPPORTS_MAC_DESIGNED_FOR_IPHONE_IPAD = NO;
				SWIFT_EMIT_LOC_STRINGS = YES;
				SWIFT_VERSION = 5.0;
				TARGETED_DEVICE_FAMILY = 1;
			};
			name = Debug;
		};
		4C7410A629D433F00045069C /* Release */ = {
			isa = XCBuildConfiguration;
			buildSettings = {
				ASSETCATALOG_COMPILER_APPICON_NAME = AppIcon;
				ASSETCATALOG_COMPILER_GLOBAL_ACCENT_COLOR_NAME = AccentColor;
				CODE_SIGN_STYLE = Automatic;
				CURRENT_PROJECT_VERSION = 1;
				DEVELOPMENT_TEAM = 6DCRFKN8GP;
				GENERATE_INFOPLIST_FILE = YES;
				INFOPLIST_FILE = WorkoutApp/SupportingFiles/Info.plist;
				INFOPLIST_KEY_UIApplicationSupportsIndirectInputEvents = YES;
				INFOPLIST_KEY_UILaunchStoryboardName = LaunchScreen;
				INFOPLIST_KEY_UISupportedInterfaceOrientations = UIInterfaceOrientationPortrait;
				INFOPLIST_KEY_UISupportedInterfaceOrientations_iPad = "UIInterfaceOrientationLandscapeLeft UIInterfaceOrientationLandscapeRight UIInterfaceOrientationPortrait UIInterfaceOrientationPortraitUpsideDown";
				LD_RUNPATH_SEARCH_PATHS = (
					"$(inherited)",
					"@executable_path/Frameworks",
				);
				MARKETING_VERSION = 1.0;
				PRODUCT_BUNDLE_IDENTIFIER = "GE-Developer.WorkoutApp";
				PRODUCT_NAME = "$(TARGET_NAME)";
				SUPPORTED_PLATFORMS = "iphoneos iphonesimulator";
				SUPPORTS_MACCATALYST = NO;
				SUPPORTS_MAC_DESIGNED_FOR_IPHONE_IPAD = NO;
				SWIFT_EMIT_LOC_STRINGS = YES;
				SWIFT_VERSION = 5.0;
				TARGETED_DEVICE_FAMILY = 1;
			};
			name = Release;
		};
/* End XCBuildConfiguration section */

/* Begin XCConfigurationList section */
		4C74108B29D433ED0045069C /* Build configuration list for PBXProject "WorkoutApp" */ = {
			isa = XCConfigurationList;
			buildConfigurations = (
				4C7410A229D433F00045069C /* Debug */,
				4C7410A329D433F00045069C /* Release */,
			);
			defaultConfigurationIsVisible = 0;
			defaultConfigurationName = Release;
		};
		4C7410A429D433F00045069C /* Build configuration list for PBXNativeTarget "WorkoutApp" */ = {
			isa = XCConfigurationList;
			buildConfigurations = (
				4C7410A529D433F00045069C /* Debug */,
				4C7410A629D433F00045069C /* Release */,
			);
			defaultConfigurationIsVisible = 0;
			defaultConfigurationName = Release;
		};
/* End XCConfigurationList section */
	};
	rootObject = 4C74108829D433ED0045069C /* Project object */;
}
